{
  "lockfileVersion": 1,
  "configVersion": 1,
  "workspaces": {
    "": {
      "name": "windpunk",
      "dependencies": {
        "@adeficior/assembler": "^1.0.0-rc.38",
        "@adeficior/data-modifier-create": "^2.0.2",
      },
      "devDependencies": {
        "@types/bun": "latest",
        "husky": "^9.1.7",
        "typescript": "^7",
      },
    },
  },
  "packages": {
    "@adeficior/assembler": ["@adeficior/assembler@1.0.0-rc.38", "", { "dependencies": { "@adeficior/data-modifier": "^2.0.2", "@adeficior/data-modifier-codegen": "^2.1.0", "arg": "^5.0.2", "winston": "^3.19.0" }, "peerDependencies": { "@adeficior/pack-resolver": "^2.0.1", "@adeficior/resource-merger": "^2.0.1" }, "bin": { "assembler": "dist/cli.js" } }, "sha512-t55B0vYkVnJqBSEJd2vIPWJeNOzdNRzkBoFzjKvjdrL7iAxWUNljUtK7ROMW3rVLrAErkWJkdHyP6XayAG+s9w=="],

    "@adeficior/data-modifier": ["@adeficior/data-modifier@2.0.2", "", { "dependencies": { "@adeficior/data-modifier-core": "^2.0.2", "@adeficior/data-modifier-ingredients": "^2.0.2", "@adeficior/data-modifier-loader": "^2.1.0", "@adeficior/data-modifier-loot": "^2.0.2", "@adeficior/data-modifier-recipes": "^2.0.2", "@adeficior/data-modifier-tags": "^2.0.2", "@adeficior/resource-merger": "^2.0.1" }, "peerDependencies": { "@adeficior/pack-resolver": "^2.0.1", "lodash-es": "^4.18.1", "typescript": "^5", "zod": "^4.4.3" }, "bin": { "datamod": "dist/cli.js" } }, "sha512-OkqA2YZEX9sUO78qPiTgbgpFWDatK9TmS7JfQK4ESz8E35eJM3b2ouC4Vj+V1fYb3PKeeyyYjJLFRtwWpqc1Ow=="],

    "@adeficior/data-modifier-codegen": ["@adeficior/data-modifier-codegen@2.1.0", "", { "dependencies": { "@adeficior/data-modifier-loader": "^2.1.0", "arg": "^5.0.2" }, "peerDependencies": { "@adeficior/data-modifier-core": "^2.0.2", "@adeficior/pack-resolver": "^2.0.1", "lodash-es": "^4.18.1", "prettier": "^3.8.4", "typescript": "^5" }, "bin": { "datamod-codegen": "dist/cli.ts" } }, "sha512-pn/NTBrvicDvT9FB3kcLA3xi+EoMwKfHG8xcpWnQSoy+ur2A6EVpy49/iY1SoAra3QBvaKtl7hCVz52GClZqQg=="],

    "@adeficior/data-modifier-core": ["@adeficior/data-modifier-core@2.0.1", "", { "dependencies": { "json5": "^2.2.3", "lodash-es": "^4.18.1", "minimatch": "^10.2.6", "prettier": "^3.8.4", "zod": "^4.4.3" }, "peerDependencies": { "@adeficior/pack-resolver": "^2.0.1", "typescript": "^5" } }, "sha512-28iTrzTM2aXEmYGlony40n1Tx6bzfT6v7q8pXr2dui6/js5Jjzs3b2kPEppz4O+eCRW/Cckz4Rc85pxLEmkmZA=="],

    "@adeficior/data-modifier-create": ["@adeficior/data-modifier-create@2.0.2", "", { "peerDependencies": { "@adeficior/data-modifier-core": "^2.0.2", "@adeficior/data-modifier-ingredients": "^2.0.2", "@adeficior/data-modifier-recipes": "^2.0.2", "@adeficior/data-modifier-tags": "^2.0.2", "@adeficior/pack-resolver": "^2.0.1", "typescript": "^5" } }, "sha512-4LeQcSAqT00QBCKodwKg3yh89Jjupv12u9WiNxB+hAKnd6px02bIsvGaEvGEtKNYArRhjMjoVFGOWtmIvEnCwA=="],

    "@adeficior/data-modifier-ingredients": ["@adeficior/data-modifier-ingredients@2.0.1", "", { "peerDependencies": { "@adeficior/data-modifier-core": "^2.0.1", "@adeficior/data-modifier-tags": "^2.0.1", "@adeficior/pack-resolver": "^2.0.1", "lodash-es": "^4.18.1", "typescript": "^5", "zod": "^4.4.3" } }, "sha512-buQ8k1GWajIqqMLx7c+bVJj6NECtxsDjXQrX41gJ5PkO30KtQsVRRfqTNQkKqQ539VYnPR725Jszpf9xLQruUQ=="],

    "@adeficior/data-modifier-loader": ["@adeficior/data-modifier-loader@2.1.0", "", { "peerDependencies": { "@adeficior/data-modifier-core": "^2.0.2", "lodash-es": "^4.18.1", "typescript": "^5" } }, "sha512-Vte/IxIhNOx24EjoEyD/dxlKLEicFwcASiFs5XY44UyCjNrQ3EEAOU6Ah8WPjYqbIsuE0LWhpgaV/ISJhRm7wA=="],

    "@adeficior/data-modifier-loot": ["@adeficior/data-modifier-loot@2.0.2", "", { "peerDependencies": { "@adeficior/data-modifier-core": "^2.0.2", "@adeficior/data-modifier-ingredients": "^2.0.2", "@adeficior/data-modifier-tags": "^2.0.2", "@adeficior/pack-resolver": "^2.0.1", "typescript": "^5", "zod": "^4.4.3" } }, "sha512-4p1HhPRGSntQ/OhJcbeSA4/M4d6BJKuQFl7/U6KtSRMVe34gR2Iwj2MXHT5fmSOL0J2tH7Qtme5i4JlsxxDG4g=="],

    "@adeficior/data-modifier-recipes": ["@adeficior/data-modifier-recipes@2.0.1", "", { "peerDependencies": { "@adeficior/data-modifier-core": "^2.0.1", "@adeficior/data-modifier-ingredients": "^2.0.1", "@adeficior/data-modifier-tags": "^2.0.1", "@adeficior/pack-resolver": "^2.0.1", "lodash-es": "^4.18.1", "minimatch": "^10.2.6", "typescript": "^5" } }, "sha512-ptiHvJHhPG5gPQ2uKqsDQ1gDBvaoAMwodv7whtHKJkPJ6t8xkOFj0kxlnR/UE0l7Oiqc4Pz/14K1RnId6MzaQw=="],

    "@adeficior/data-modifier-tags": ["@adeficior/data-modifier-tags@2.0.1", "", { "peerDependencies": { "@adeficior/data-modifier-core": "^2.0.1", "@adeficior/pack-resolver": "^2.0.1", "lodash-es": "^4.18.1", "typescript": "^5" } }, "sha512-SPcqOk/xO9z/LITr2HNqTiGrNscksCwbnDjE8tlXgrmeJ0ywJmrNeWLPvZwFG8LEvQlnGx3jdNrCiBIv9nRR/Q=="],

    "@adeficior/pack-resolver": ["@adeficior/pack-resolver@2.0.1", "", { "dependencies": { "minimatch": "^10.2.5", "node-stream-zip": "^1.15.0", "zip-a-folder": "^6.1.4" } }, "sha512-/j1+6HTRTeSquedwDOU4ZYRRK68NiROPKqN2zLTp6QWzeGxt2rFb86Kj1/bYz0thJAAFcKQGYXKNQc7xzcSROA=="],

    "@adeficior/resource-merger": ["@adeficior/resource-merger@2.0.1", "", { "dependencies": { "@adeficior/pack-resolver": "^2.0.0", "arg": "^5.0.2", "command-line-usage": "^6.1.3" }, "bin": { "merge": "dist/cli/index.js" } }, "sha512-YwJCymQpliEyf3TDe2O9sjIJWPUxdVaEZolBTnjYn6zTiIWOTNcyiyoQumfn1nSK5GPUwWpoVdi+MEyWXuas+w=="],

    "@colors/colors": ["@colors/colors@1.6.0", "", {}, "sha512-Ir+AOibqzrIsL6ajt3Rz3LskB7OiMVHqltZmspbW/TJuTVuyOMirVqAkjfY6JISiLHgyNqicAC8AyHHGzNd/dA=="],

    "@dabh/diagnostics": ["@dabh/diagnostics@2.0.8", "", { "dependencies": { "@so-ric/colorspace": "^1.1.6", "enabled": "2.0.x", "kuler": "^2.0.0" } }, "sha512-R4MSXTVnuMzGD7bzHdW2ZhhdPC/igELENcq5IjEverBvq5hn1SXCWcsi6eSsdWP0/Ur+SItRRjAktmdoX/8R/Q=="],

    "@so-ric/colorspace": ["@so-ric/colorspace@1.1.6", "", { "dependencies": { "color": "^5.0.2", "text-hex": "1.0.x" } }, "sha512-/KiKkpHNOBgkFJwu9sh48LkHSMYGyuTcSFK/qMBdnOAlrRJzRSXAOFB5qwzaVQuDl8wAvHVMkaASQDReTahxuw=="],

    "@types/bun": ["@types/bun@1.3.14", "", { "dependencies": { "bun-types": "1.3.14" } }, "sha512-h1hFqFVcvAvD9j9K7ZW7vd82aSA+rTdznZa+5bwvCwqSB1jmmfLcbIWhOLx1/+boy/xmjgCs/OMUL8hRJSmnPw=="],

    "@types/node": ["@types/node@26.0.1", "", { "dependencies": { "undici-types": "~8.3.0" } }, "sha512-fc3KiUoBt6kie0N9bIW3E47vZsuaMf0PM2AaUpLCLT0s/LvX1nxAim6Fc049cNxODPpGm6qRAuUOB86SkRuPQw=="],

    "@types/triple-beam": ["@types/triple-beam@1.3.5", "", {}, "sha512-6WaYesThRMCl19iryMYP7/x2OVgCtbIVflDGFpWnb9irXI3UjYE4AzmYuiUKY1AJstGijoY+MgUszMgRxIYTYw=="],

    "@typescript/typescript-aix-ppc64": ["@typescript/typescript-aix-ppc64@7.0.2", "", { "os": "aix", "cpu": "ppc64" }, "sha512-MTKKkWB7p/0E9xi1d1tHtZ5PiLkGEMIq88pK2CubZjOsLtYTLqhgIgi6zepFa+9GHZ6h05NMCkQxGKiPXMxXtQ=="],

    "@typescript/typescript-darwin-arm64": ["@typescript/typescript-darwin-arm64@7.0.2", "", { "os": "darwin", "cpu": "arm64" }, "sha512-gowzar9MwS/aRWp6f3a4KUqzRjAZjOsmGNCM6LcTgXum+dBfgsBVMN+AgvOCCbguXyick6LJhpBszxMebJ8syA=="],

    "@typescript/typescript-darwin-x64": ["@typescript/typescript-darwin-x64@7.0.2", "", { "os": "darwin", "cpu": "x64" }, "sha512-SZ9xZInqApNlNGc9s0W1VSsktYSOe9cFqNOIqmN1Gs8SmkjKZYFt017G4VwPxASInODuAdbTW7sXiFUf893RgA=="],

    "@typescript/typescript-freebsd-arm64": ["@typescript/typescript-freebsd-arm64@7.0.2", "", { "os": "freebsd", "cpu": "arm64" }, "sha512-W5NH4y/J0plIIS5b2xvTEkU7JFxyqdMAOgf+Ilhl0vHQXKO5dZoxd+C/jEtq56c4F3wk71RB4BMRQ2XdI+bwYQ=="],

    "@typescript/typescript-freebsd-x64": ["@typescript/typescript-freebsd-x64@7.0.2", "", { "os": "freebsd", "cpu": "x64" }, "sha512-UMGDx5sTpzNw3WiPebH7l90IWfJggEd+egHt/q6p7/Cm3zqoV7VxkGXt+3DxPIw8CcmvAB0j3sVVfbhX+M4Tpw=="],

    "@typescript/typescript-linux-arm": ["@typescript/typescript-linux-arm@7.0.2", "", { "os": "linux", "cpu": "arm" }, "sha512-gffT3xPz9sR7j/YJExkyPntrI0P2EP9XbOyWzth2/Gs0RstK+90RBcO0ncXoXy/beYll1SXw846Nf2zdnEz0QQ=="],

    "@typescript/typescript-linux-arm64": ["@typescript/typescript-linux-arm64@7.0.2", "", { "os": "linux", "cpu": "arm64" }, "sha512-Qh4eU4/y3yDjnfjjyPYihMj5/ODIlmt+Bzu17OI+fiSRDW57QmU5SiN63exPRNJPKUzcc1INa1NXdrJ+MqHjUQ=="],

    "@typescript/typescript-linux-loong64": ["@typescript/typescript-linux-loong64@7.0.2", "", { "os": "linux", "cpu": "none" }, "sha512-uEHck9i8hoAzXPiYRib1O7miOnz23SxIeVl6F4LXox+qov1K35jHcEW6VHKvZI+pyvl7fZEP4MCU5LYvIq1GuQ=="],

    "@typescript/typescript-linux-mips64el": ["@typescript/typescript-linux-mips64el@7.0.2", "", { "os": "linux", "cpu": "none" }, "sha512-R4KvAMnE43W5Qeqb0Ly56O3mWMWIAgsMyz36DCaycd5nbg/9kzm0liw3JocfRqyJY0KPmzFjbswozXyW0DnIYA=="],

    "@typescript/typescript-linux-ppc64": ["@typescript/typescript-linux-ppc64@7.0.2", "", { "os": "linux", "cpu": "ppc64" }, "sha512-DORx5b3sd/4S7eayxm4FQv+A7CrkUIGRaHiwI8oiHTAI1fAPWhF4J0vAlkC8biAlHSVVwxMQ3tjZ2/DVbnQiiA=="],

    "@typescript/typescript-linux-riscv64": ["@typescript/typescript-linux-riscv64@7.0.2", "", { "os": "linux", "cpu": "none" }, "sha512-wf0jqEDOjrPRnKwYRyyJDRo11KMbvMFrU+q4zqKyChODBzvlkbhNQfKvLxQCcwTpdDaXSHZTVuh0JoCrKCUMHQ=="],

    "@typescript/typescript-linux-s390x": ["@typescript/typescript-linux-s390x@7.0.2", "", { "os": "linux", "cpu": "s390x" }, "sha512-IkwJc3L7yhytWd/ewjyxNDfOmswCm9GWMJT/ue/dU4aZNbwZeYAetq42VyLmsmSjvoX7z74X6ZaYCtzAr0EuGw=="],

    "@typescript/typescript-linux-x64": ["@typescript/typescript-linux-x64@7.0.2", "", { "os": "linux", "cpu": "x64" }, "sha512-EYdf2cNg7rgCWJnxCdJ+F3V39O8ihb37eHAu1LK8oAFizgTQbPOK7zHHXbPt8rX24COqODXeI3sIf0fCXG7H/A=="],

    "@typescript/typescript-netbsd-arm64": ["@typescript/typescript-netbsd-arm64@7.0.2", "", { "os": "none", "cpu": "arm64" }, "sha512-+polYF4MF04aPpO5FTkHran9yUQDSXqy5GiSDKpsll5jy3l3+g9QLhpf39T+ePtefhXLOGrLl0QIjkQP6VnelA=="],

    "@typescript/typescript-netbsd-x64": ["@typescript/typescript-netbsd-x64@7.0.2", "", { "os": "none", "cpu": "x64" }, "sha512-8YIT0EHM/3dq10ZOVF/A7pc/YSMtbcecct4rWtexrnSCHOPcpC2KTLXfTCR6vDpnSiY12heNb1GiN/wu+T/FyA=="],

    "@typescript/typescript-openbsd-arm64": ["@typescript/typescript-openbsd-arm64@7.0.2", "", { "os": "openbsd", "cpu": "arm64" }, "sha512-APT8+ClYnuYm1u9+kgGXoMj2VzWzcymwh2gNSQVySHfkRDGOTVkoWLjCmOQSaO+PoqQ57B0flRp9SA+7GnnkzQ=="],

    "@typescript/typescript-openbsd-x64": ["@typescript/typescript-openbsd-x64@7.0.2", "", { "os": "openbsd", "cpu": "x64" }, "sha512-yX7s+Q0Dln0Dt9tEzZsAjXXR/+ytBM7AlglaqyeMPxQszJ1JhlJdZ6jLA+IzldHtflX81em7lDao1xXu+aRRkg=="],

    "@typescript/typescript-sunos-x64": ["@typescript/typescript-sunos-x64@7.0.2", "", { "os": "sunos", "cpu": "x64" }, "sha512-dLJDGaLZ1D4HPQn62u1n8mBDkJREwMsAkCdkwd4Ieqw+x3TUyTsqY0YiBCtE6H6OzzgGk3iuZ3vFWRS+E8/d1g=="],

    "@typescript/typescript-win32-arm64": ["@typescript/typescript-win32-arm64@7.0.2", "", { "os": "win32", "cpu": "arm64" }, "sha512-Gyl1Vy6OsWesLzmq+EP0Fb7b4Nid5232AvcA2SFcdYreldpNtYFFofPjnt62y9hQy7VTaZp65ICJjuAQRaVcIQ=="],

    "@typescript/typescript-win32-x64": ["@typescript/typescript-win32-x64@7.0.2", "", { "os": "win32", "cpu": "x64" }, "sha512-0BQ3HkAHHlKLSp1qRvf3SUhGpGsDuhB/jgFw75guyqbxJqEaS0Cw/VFO8i2nHglJUzQCRtMMR/IBAKE3ETMC4g=="],

    "ansi-styles": ["ansi-styles@3.2.1", "", { "dependencies": { "color-convert": "^1.9.0" } }, "sha512-VT0ZI6kZRdTh8YyJw3SMbYm/u+NqfsAxEpWO0Pf9sq8/e94WxxOpPKx9FR1FlyCtOVDNOQ+8ntlqFxiRc+r5qA=="],

    "arg": ["arg@5.0.2", "", {}, "sha512-PYjyFOLKQ9y57JvQ6QLo8dAgNqswh8M1RMJYdQduT6xbWSgK36P/Z/v+p888pM69jMMfS8Xd8F6I1kQ/I9HUGg=="],

    "array-back": ["array-back@4.0.2", "", {}, "sha512-NbdMezxqf94cnNfWLL7V/im0Ub+Anbb0IoZhvzie8+4HJ4nMQuzHuy49FkGYCJK2yAloZ3meiB6AVMClbrI1vg=="],

    "async": ["async@3.2.6", "", {}, "sha512-htCUDlxyyCLMgaM3xXg0C0LW2xqfuQ6p05pCEIsXuyQ+a1koYKTuBMzRNwmybfLgvJDMd0r1LTn4+E0Ti6C2AA=="],

    "balanced-match": ["balanced-match@4.0.4", "", {}, "sha512-BLrgEcRTwX2o6gGxGOCNyMvGSp35YofuYzw9h1IMTRmKqttAZZVU67bdb9Pr2vUHA8+j3i2tJfjO6C6+4myGTA=="],

    "brace-expansion": ["brace-expansion@5.0.9", "", { "dependencies": { "balanced-match": "^4.0.2" } }, "sha512-ScQ4IuvIEF1TMlP7Zt+vjJ//9zlPb2SDcxWxM3bk8s6t6GGdJ7KO1dCcTidOPJKePW30LE/2cT7wCyPho9/Wxg=="],

    "bun-types": ["bun-types@1.3.14", "", { "dependencies": { "@types/node": "*" } }, "sha512-4N0ig0fEomHt5R0KCFWjovxow98rIoRwKolrYdCcknNwMekCXRnWEUvgu5soYV8QXtVsrUD8B95MBOZGPvr6KQ=="],

    "chalk": ["chalk@2.4.2", "", { "dependencies": { "ansi-styles": "^3.2.1", "escape-string-regexp": "^1.0.5", "supports-color": "^5.3.0" } }, "sha512-Mti+f9lpJNcwF4tWV8/OrTTtF1gZi+f8FqlyAdouralcFWFQWF2+NgCHShjkCb+IFBLq9buZwE1xckQU4peSuQ=="],

    "color": ["color@5.0.3", "", { "dependencies": { "color-convert": "^3.1.3", "color-string": "^2.1.3" } }, "sha512-ezmVcLR3xAVp8kYOm4GS45ZLLgIE6SPAFoduLr6hTDajwb3KZ2F46gulK3XpcwRFb5KKGCSezCBAY4Dw4HsyXA=="],

    "color-convert": ["color-convert@3.1.3", "", { "dependencies": { "color-name": "^2.0.0" } }, "sha512-fasDH2ont2GqF5HpyO4w0+BcewlhHEZOFn9c1ckZdHpJ56Qb7MHhH/IcJZbBGgvdtwdwNbLvxiBEdg336iA9Sg=="],

    "color-name": ["color-name@2.1.0", "", {}, "sha512-1bPaDNFm0axzE4MEAzKPuqKWeRaT43U/hyxKPBdqTfmPF+d6n7FSoTFxLVULUJOmiLp01KjhIPPH+HrXZJN4Rg=="],

    "color-string": ["color-string@2.1.4", "", { "dependencies": { "color-name": "^2.0.0" } }, "sha512-Bb6Cq8oq0IjDOe8wJmi4JeNn763Xs9cfrBcaylK1tPypWzyoy2G3l90v9k64kjphl/ZJjPIShFztenRomi8WTg=="],

    "command-line-usage": ["command-line-usage@6.1.3", "", { "dependencies": { "array-back": "^4.0.2", "chalk": "^2.4.2", "table-layout": "^1.0.2", "typical": "^5.2.0" } }, "sha512-sH5ZSPr+7UStsloltmDh7Ce5fb8XPlHyoPzTpyyMuYCtervL65+ubVZ6Q61cFtFl62UyJlc8/JwERRbAFPUqgw=="],

    "deep-extend": ["deep-extend@0.6.0", "", {}, "sha512-LOHxIOaPYdHlJRtCQfDIVZtfw/ufM8+rVj649RIHzcm/vGwQRXFt6OPqIFWsm2XEMrNIEtWR64sY1LEKD2vAOA=="],

    "enabled": ["enabled@2.0.0", "", {}, "sha512-AKrN98kuwOzMIdAizXGI86UFBoo26CL21UM763y1h/GMSJ4/OHU9k2YlsmBpyScFo/wbLzWQJBMCW4+IO3/+OQ=="],

    "escape-string-regexp": ["escape-string-regexp@1.0.5", "", {}, "sha512-vbRorB5FUQWvla16U8R/qgaFIya2qGzwDrNmCZuYKrbdSUMG6I1ZCGQRefkRVhuOkIGVne7BQ35DSfo1qvJqFg=="],

    "fdir": ["fdir@6.5.0", "", { "peerDependencies": { "picomatch": "^3 || ^4" }, "optionalPeers": ["picomatch"] }, "sha512-tIbYtZbucOs0BRGqPJkshJUYdL+SDH7dVM8gjy+ERp3WAUjLEFJE+02kanyHtwjWOnwrKYBiwAmM0p4kLJAnXg=="],

    "fecha": ["fecha@4.2.3", "", {}, "sha512-OP2IUU6HeYKJi3i0z4A19kHMQoLVs4Hc+DPqqxI2h/DPZHTm/vjsfC6P0b4jCMy14XizLBqvndQ+UilD7707Jw=="],

    "fn.name": ["fn.name@1.1.0", "", {}, "sha512-GRnmB5gPyJpAhTQdSZTSp9uaPSvl09KoYcMQtsB9rQoOmzs9dH6ffeccH+Z+cv6P68Hu5bC6JjRh4Ah/mHSNRw=="],

    "has-flag": ["has-flag@3.0.0", "", {}, "sha512-sKJf1+ceQBr4SMkvQnBDNDtf4TXpVhVGateu0t918bl30FnbE2m4vNLX+VWe/dpjlb+HugGYzW7uQXH98HPEYw=="],

    "husky": ["husky@9.1.7", "", { "bin": { "husky": "bin.js" } }, "sha512-5gs5ytaNjBrh5Ow3zrvdUUY+0VxIuWVL4i9irt6friV+BqdCfmV11CQTWMiBYWHbXhco+J1kHfTOUkePhCDvMA=="],

    "inherits": ["inherits@2.0.4", "", {}, "sha512-k/vGaX4/Yla3WzyMCvTQOXYeIHvqOKtnqBduzTHpzpQZzAskKMhZ2K+EnBiSM9zGSoIFeMpXKxa4dYeZIQqewQ=="],

    "is-stream": ["is-stream@2.0.1", "", {}, "sha512-hFoiJiTl63nn+kstHGBtewWSKnQLpyb155KHheA1l39uvtO9nWIop1p3udqPcUd/xbF1VLMO4n7OI6p7RbngDg=="],

    "json5": ["json5@2.2.3", "", { "bin": { "json5": "lib/cli.js" } }, "sha512-XmOWe7eyHYH14cLdVPoyg+GOH3rYX++KpzrylJwSW98t3Nk+U8XOl8FWKOgwtzdb8lXGf6zYwDUzeHMWfxasyg=="],

    "kuler": ["kuler@2.0.0", "", {}, "sha512-Xq9nH7KlWZmXAtodXDDRE7vs6DU1gTU8zYDHDiWLSip45Egwq3plLHzPn27NgvzL2r1LMPC1vdqh98sQxtqj4A=="],

    "lodash-es": ["lodash-es@4.18.1", "", {}, "sha512-J8xewKD/Gk22OZbhpOVSwcs60zhd95ESDwezOFuA3/099925PdHJ7OFHNTGtajL3AlZkykD32HykiMo+BIBI8A=="],

    "logform": ["logform@2.7.0", "", { "dependencies": { "@colors/colors": "1.6.0", "@types/triple-beam": "^1.3.2", "fecha": "^4.2.0", "ms": "^2.1.1", "safe-stable-stringify": "^2.3.1", "triple-beam": "^1.3.0" } }, "sha512-TFYA4jnP7PVbmlBIfhlSe+WKxs9dklXMTEGcBCIvLhE/Tn3H6Gk1norupVW7m5Cnd4bLcr08AytbyV/xj7f/kQ=="],

    "lzma": ["lzma@2.3.2", "", { "bin": { "lzma.js": "bin/lzma.js" } }, "sha512-DcfiawQ1avYbW+hsILhF38IKAlnguc/fjHrychs9hdxe4qLykvhT5VTGNs5YRWgaNePh7NTxGD4uv4gKsRomCQ=="],

    "minimatch": ["minimatch@10.2.6", "", { "dependencies": { "brace-expansion": "^5.0.8" } }, "sha512-vpLQEs+VLCr1nU0BXS07maYoFwlDAH0gngQuuttxIwutDFEMHq2blX+8vpgxDdK3J1PwjCJiep77OitTZ4Ll1A=="],

    "ms": ["ms@2.1.3", "", {}, "sha512-6FlzubTLZG3J2a/NVCAleEhjzq5oxgHyaCU9yYXvcLsvoVaHJq/s5xXI6/XXP6tz7R9xAOtHnSO/tXtF3WRTlA=="],

    "node-stream-zip": ["node-stream-zip@1.15.0", "", {}, "sha512-LN4fydt9TqhZhThkZIVQnF9cwjU3qmUH9h78Mx/K7d3VvfRqqwthLwJEUOEL0QPZ0XQmNN7be5Ggit5+4dq3Bw=="],

    "one-time": ["one-time@1.0.0", "", { "dependencies": { "fn.name": "1.x.x" } }, "sha512-5DXOiRKwuSEcQ/l0kGCF6Q3jcADFv5tSmRaJck/OqkVFcOzutB134KRSfF0xDrL39MNnqxbHBbUUcjZIhTgb2g=="],

    "picomatch": ["picomatch@4.0.5", "", {}, "sha512-RvwwcruNjI1ncT5xRakeyS9Lf8lcItv34KD+aif+VH9kduAyfYBipGh12274xtenIPZ119/R9BdTBa8gAwSh0A=="],

    "prettier": ["prettier@3.9.5", "", { "bin": { "prettier": "bin/prettier.cjs" } }, "sha512-/FVl766LpUfB5vXgCYOYa0MeV/441Ia99AeICQIQFTY/Nw0roZwULcXpku5i1/m5kt/baz+s4Zogspd839HSMg=="],

    "readable-stream": ["readable-stream@3.6.2", "", { "dependencies": { "inherits": "^2.0.3", "string_decoder": "^1.1.1", "util-deprecate": "^1.0.1" } }, "sha512-9u/sniCrY3D5WdsERHzHE4G2YCXqoG5FTHUiCC4SIbr6XcLZBY05ya9EKjYek9O5xOAwjGq+1JdGBAS7Q9ScoA=="],

    "reduce-flatten": ["reduce-flatten@2.0.0", "", {}, "sha512-EJ4UNY/U1t2P/2k6oqotuX2Cc3T6nxJwsM0N0asT7dhrtH1ltUxDn4NalSYmPE2rCkVpcf/X6R0wDwcFpzhd4w=="],

    "safe-buffer": ["safe-buffer@5.2.1", "", {}, "sha512-rp3So07KcdmmKbGvgaNxQSJr7bGVSVk5S9Eq1F+ppbRo70+YeaDxkw5Dd8NPN+GD6bjnYm2VuPuCXmpuYvmCXQ=="],

    "safe-stable-stringify": ["safe-stable-stringify@2.5.0", "", {}, "sha512-b3rppTKm9T+PsVCBEOUR46GWI7fdOs00VKZ1+9c1EWDaDMvjQc6tUwuFyIprgGgTcWoVHSKrU8H31ZHA2e0RHA=="],

    "stack-trace": ["stack-trace@0.0.10", "", {}, "sha512-KGzahc7puUKkzyMt+IqAep+TVNbKP+k2Lmwhub39m1AsTSkaDutx56aDCo+HLDzf/D26BIHTJWNiTG1KAJiQCg=="],

    "string_decoder": ["string_decoder@1.3.0", "", { "dependencies": { "safe-buffer": "~5.2.0" } }, "sha512-hkRX8U1WjJFd8LsDJ2yQ/wWWxaopEsABU1XfkM8A+j0+85JAGppt16cr1Whg6KIbb4okU6Mql6BOj+uup/wKeA=="],

    "supports-color": ["supports-color@5.5.0", "", { "dependencies": { "has-flag": "^3.0.0" } }, "sha512-QjVjwdXIt408MIiAqCX4oUKsgU2EqAGzs2Ppkm4aQYbjm+ZEWEcW4SfFNTr4uMNZma0ey4f5lgLrkB0aX0QMow=="],

    "table-layout": ["table-layout@1.0.2", "", { "dependencies": { "array-back": "^4.0.1", "deep-extend": "~0.6.0", "typical": "^5.2.0", "wordwrapjs": "^4.0.0" } }, "sha512-qd/R7n5rQTRFi+Zf2sk5XVVd9UQl6ZkduPFC3S7WEGJAmetDTjY3qPN50eSKzwuzEyQKy5TN2TiZdkIjos2L6A=="],

    "text-hex": ["text-hex@1.0.0", "", {}, "sha512-uuVGNWzgJ4yhRaNSiubPY7OjISw4sw4E5Uv0wbjp+OzcbmVU/rsT8ujgcXJhn9ypzsgr5vlzpPqP+MBBKcGvbg=="],

    "tinyglobby": ["tinyglobby@0.2.17", "", { "dependencies": { "fdir": "^6.5.0", "picomatch": "^4.0.4" } }, "sha512-wXR/dYpcqKmfWpEdZjiKJOwCNFndD0DMnrW/cYjVGttEkBfVgcLFHoNrlj47mjOVic9yyNu65alsgF4NQyTa2g=="],

    "triple-beam": ["triple-beam@1.4.1", "", {}, "sha512-aZbgViZrg1QNcG+LULa7nhZpJTZSLm/mXnHXnbAbjmN5aSa0y7V+wvv6+4WaBtpISJzThKy+PIPxc1Nq1EJ9mg=="],

    "typescript": ["typescript@7.0.2", "", { "optionalDependencies": { "@typescript/typescript-aix-ppc64": "7.0.2", "@typescript/typescript-darwin-arm64": "7.0.2", "@typescript/typescript-darwin-x64": "7.0.2", "@typescript/typescript-freebsd-arm64": "7.0.2", "@typescript/typescript-freebsd-x64": "7.0.2", "@typescript/typescript-linux-arm": "7.0.2", "@typescript/typescript-linux-arm64": "7.0.2", "@typescript/typescript-linux-loong64": "7.0.2", "@typescript/typescript-linux-mips64el": "7.0.2", "@typescript/typescript-linux-ppc64": "7.0.2", "@typescript/typescript-linux-riscv64": "7.0.2", "@typescript/typescript-linux-s390x": "7.0.2", "@typescript/typescript-linux-x64": "7.0.2", "@typescript/typescript-netbsd-arm64": "7.0.2", "@typescript/typescript-netbsd-x64": "7.0.2", "@typescript/typescript-openbsd-arm64": "7.0.2", "@typescript/typescript-openbsd-x64": "7.0.2", "@typescript/typescript-sunos-x64": "7.0.2", "@typescript/typescript-win32-arm64": "7.0.2", "@typescript/typescript-win32-x64": "7.0.2" }, "bin": { "tsc": "bin/tsc" } }, "sha512-8FYau96o3NKOhbjKi/qNvG/W5jhzxkbdm5sj9AbZ/5T5sWqn3hJgLfGx27sRKZWTvyzCP8dLRBTf5tBTSRVUNA=="],

    "typical": ["typical@5.2.0", "", {}, "sha512-dvdQgNDNJo+8B2uBQoqdb11eUCE1JQXhvjC/CZtgvZseVd5TYMXnq0+vuUemXbd/Se29cTaUuPX3YIc2xgbvIg=="],

    "undici-types": ["undici-types@8.3.0", "", {}, "sha512-j375ScV60dom+YkPFIfTLcOiPxkN/buHz5GobjLhixFuANaNs3C9l4GmrWqejgXWJ7BbJcFYpTEUkS1Ge8bpZQ=="],

    "util-deprecate": ["util-deprecate@1.0.2", "", {}, "sha512-EPD5q1uXyFxJpCrLnCc1nHnq3gOa6DZBocAIiI2TaSCA7VCJ1UJDMagCzIkXNsUYfD1daK//LTEQ8xiIbrHtcw=="],

    "winston": ["winston@3.19.0", "", { "dependencies": { "@colors/colors": "^1.6.0", "@dabh/diagnostics": "^2.0.8", "async": "^3.2.3", "is-stream": "^2.0.0", "logform": "^2.7.0", "one-time": "^1.0.0", "readable-stream": "^3.4.0", "safe-stable-stringify": "^2.3.1", "stack-trace": "0.0.x", "triple-beam": "^1.3.0", "winston-transport": "^4.9.0" } }, "sha512-LZNJgPzfKR+/J3cHkxcpHKpKKvGfDZVPS4hfJCc4cCG0CgYzvlD6yE/S3CIL/Yt91ak327YCpiF/0MyeZHEHKA=="],

    "winston-transport": ["winston-transport@4.9.0", "", { "dependencies": { "logform": "^2.7.0", "readable-stream": "^3.6.2", "triple-beam": "^1.3.0" } }, "sha512-8drMJ4rkgaPo1Me4zD/3WLfI/zPdA9o2IipKODunnGDcuqbHwjsbB79ylv04LCGGzU0xQ6vTznOMpQGaLhhm6A=="],

    "wordwrapjs": ["wordwrapjs@4.0.1", "", { "dependencies": { "reduce-flatten": "^2.0.0", "typical": "^5.2.0" } }, "sha512-kKlNACbvHrkpIw6oPeYDSmdCTu2hdMHoyXLTcUKala++lx5Y+wjJ/e474Jqv5abnVmwxw08DiTuHmw69lJGksA=="],

    "zip-a-folder": ["zip-a-folder@6.1.4", "", { "dependencies": { "lzma": "^2.3.2", "tinyglobby": "^0.2.17" }, "bin": { "zip-a-folder": "dist/cli.mjs" } }, "sha512-6zRF/xi0zRxKOCTBVWLwWyyp+zuAKyBhM3Q2ddgEg8uvjDFSTsKulc476jUAaNXnw3lI8pGRuffRNPbxNUld+g=="],

    "zod": ["zod@4.4.3", "", {}, "sha512-ytENFjIJFl2UwYglde2jchW2Hwm4GJFLDiSXWdTrJQBIN9Fcyp7n4DhxJEiWNAJMV1/BqWfW/kkg71UDcHJyTQ=="],

    "@adeficior/data-modifier/@adeficior/data-modifier-core": ["@adeficior/data-modifier-core@2.0.2", "", { "dependencies": { "json5": "^2.2.3", "lodash-es": "^4.18.1", "minimatch": "^10.2.6", "prettier": "^3.8.4", "zod": "^4.4.3" }, "peerDependencies": { "@adeficior/pack-resolver": "^2.0.1", "typescript": "^5" } }, "sha512-DUZlFuo/vrLkLGJ1agReYKn31x3sewgXzOM5f0H/UPcE1o1WgX2EH1s8+vxWK6jghBLb13yp97y6ZZ7UCCZxNw=="],

    "@adeficior/data-modifier/@adeficior/data-modifier-ingredients": ["@adeficior/data-modifier-ingredients@2.0.2", "", { "peerDependencies": { "@adeficior/data-modifier-core": "^2.0.2", "@adeficior/data-modifier-tags": "^2.0.2", "@adeficior/pack-resolver": "^2.0.1", "lodash-es": "^4.18.1", "typescript": "^5", "zod": "^4.4.3" } }, "sha512-BDOFpQXTrM4PiPpWAkiHcBy2RfjYho8YR+gSd06zGqyqOUN+R9DiT0sD42QaabaSu6Oh1/BI4nWHXTdzD0L+wA=="],

    "@adeficior/data-modifier/@adeficior/data-modifier-recipes": ["@adeficior/data-modifier-recipes@2.0.2", "", { "peerDependencies": { "@adeficior/data-modifier-core": "^2.0.2", "@adeficior/data-modifier-ingredients": "^2.0.2", "@adeficior/data-modifier-tags": "^2.0.2", "@adeficior/pack-resolver": "^2.0.1", "lodash-es": "^4.18.1", "minimatch": "^10.2.6", "typescript": "^5" } }, "sha512-BFxNRNAY1Sk1QHUEXYh8Fs73F/glvY3Qkr0wKHIUUcPLKrQyq5OUi+wvldrib8QEfhn1bwaFotFus4RVUJVOQg=="],

    "@adeficior/data-modifier/@adeficior/data-modifier-tags": ["@adeficior/data-modifier-tags@2.0.2", "", { "peerDependencies": { "@adeficior/data-modifier-core": "^2.0.2", "@adeficior/pack-resolver": "^2.0.1", "lodash-es": "^4.18.1", "typescript": "^5" } }, "sha512-5h9/nhPt6IGXTRzUQDSgHX+th7mnKEZwCyud779O7rTuPecpheHmrNUjVVT8XenxDXCpacaUIjGbLqepvQGuNA=="],

    "@adeficior/data-modifier-codegen/@adeficior/data-modifier-core": ["@adeficior/data-modifier-core@2.0.2", "", { "dependencies": { "json5": "^2.2.3", "lodash-es": "^4.18.1", "minimatch": "^10.2.6", "prettier": "^3.8.4", "zod": "^4.4.3" }, "peerDependencies": { "@adeficior/pack-resolver": "^2.0.1", "typescript": "^5" } }, "sha512-DUZlFuo/vrLkLGJ1agReYKn31x3sewgXzOM5f0H/UPcE1o1WgX2EH1s8+vxWK6jghBLb13yp97y6ZZ7UCCZxNw=="],

    "@adeficior/data-modifier-loader/@adeficior/data-modifier-core": ["@adeficior/data-modifier-core@2.0.2", "", { "dependencies": { "json5": "^2.2.3", "lodash-es": "^4.18.1", "minimatch": "^10.2.6", "prettier": "^3.8.4", "zod": "^4.4.3" }, "peerDependencies": { "@adeficior/pack-resolver": "^2.0.1", "typescript": "^5" } }, "sha512-DUZlFuo/vrLkLGJ1agReYKn31x3sewgXzOM5f0H/UPcE1o1WgX2EH1s8+vxWK6jghBLb13yp97y6ZZ7UCCZxNw=="],

    "@adeficior/data-modifier-loot/@adeficior/data-modifier-core": ["@adeficior/data-modifier-core@2.0.2", "", { "dependencies": { "json5": "^2.2.3", "lodash-es": "^4.18.1", "minimatch": "^10.2.6", "prettier": "^3.8.4", "zod": "^4.4.3" }, "peerDependencies": { "@adeficior/pack-resolver": "^2.0.1", "typescript": "^5" } }, "sha512-DUZlFuo/vrLkLGJ1agReYKn31x3sewgXzOM5f0H/UPcE1o1WgX2EH1s8+vxWK6jghBLb13yp97y6ZZ7UCCZxNw=="],

    "@adeficior/data-modifier-loot/@adeficior/data-modifier-ingredients": ["@adeficior/data-modifier-ingredients@2.0.2", "", { "peerDependencies": { "@adeficior/data-modifier-core": "^2.0.2", "@adeficior/data-modifier-tags": "^2.0.2", "@adeficior/pack-resolver": "^2.0.1", "lodash-es": "^4.18.1", "typescript": "^5", "zod": "^4.4.3" } }, "sha512-BDOFpQXTrM4PiPpWAkiHcBy2RfjYho8YR+gSd06zGqyqOUN+R9DiT0sD42QaabaSu6Oh1/BI4nWHXTdzD0L+wA=="],

    "@adeficior/data-modifier-loot/@adeficior/data-modifier-tags": ["@adeficior/data-modifier-tags@2.0.2", "", { "peerDependencies": { "@adeficior/data-modifier-core": "^2.0.2", "@adeficior/pack-resolver": "^2.0.1", "lodash-es": "^4.18.1", "typescript": "^5" } }, "sha512-5h9/nhPt6IGXTRzUQDSgHX+th7mnKEZwCyud779O7rTuPecpheHmrNUjVVT8XenxDXCpacaUIjGbLqepvQGuNA=="],

    "ansi-styles/color-convert": ["color-convert@1.9.3", "", { "dependencies": { "color-name": "1.1.3" } }, "sha512-QfAUtd+vFdAtFQcC8CCyYt1fYWxSqAiK2cSD6zDB8N3cpsEBAvRxp9zOGg6G/SHHJYAT88/az/IuDGALsNVbGg=="],

    "ansi-styles/color-convert/color-name": ["color-name@1.1.3", "", {}, "sha512-72fSenhMw2HZMTVHeCA9KCmpEIbzWiQsjN+BHcBbS9vr1mtt+vJjPdksIBNUmKAW8TFUDPJK5SUU3QhE9NEXDw=="],
  }
}
